# THIS IS AN AUTOGENERATED FILE. DO NOT EDIT THIS FILE DIRECTLY.
# yarn lockfile v1


"@clack/core@^0.3.2":
  version "0.3.2"
  resolved "https://registry.yarnpkg.com/@clack/core/-/core-0.3.2.tgz#23c6e440ed263c2f012b1cc0806386481e78420b"
  integrity sha512-FZnsNynwGDIDktx6PEZK1EuCkFpY4ldEX6VYvfl0dqeoLPb9Jpw1xoUXaVcGR8ExmYNm1w2vdGdJkEUYD/2pqg==
  dependencies:
    picocolors "^1.0.0"
    sisteransi "^1.0.5"

"@clack/prompts@^0.6.3":
  version "0.6.3"
  resolved "https://registry.yarnpkg.com/@clack/prompts/-/prompts-0.6.3.tgz#c6184bb3f8685dfc72207d2ff051f7a6a733fcb3"
  integrity sha512-AM+kFmAHawpUQv2q9+mcB6jLKxXGjgu/r2EQjEwujgpCdzrST6BJqYw00GRn56/L/Izw5U7ImoLmy00X/r80Pw==
  dependencies:
    "@clack/core" "^0.3.2"
    picocolors "^1.0.0"
    sisteransi "^1.0.5"

create-svelte@^4.2.0:
  version "4.2.0"
  resolved "https://registry.yarnpkg.com/create-svelte/-/create-svelte-4.2.0.tgz#91f0cbfba9de274b95339c7a45f1bb2601a48a2e"
  integrity sha512-jngi/IOM4NIGL4A61fN6diilrxcNe1iH3pziK6QmsL95h3B2p8gFyc4xZ7Oi9UbxO74o/kivrd3cIwqefWd0bA==
  dependencies:
    "@clack/prompts" "^0.6.3"
    kleur "^4.1.5"

kleur@^4.1.5:
  version "4.1.5"
  resolved "https://registry.yarnpkg.com/kleur/-/kleur-4.1.5.tgz#95106101795f7050c6c650f350c683febddb1780"
  integrity sha512-o+NO+8WrRiQEE4/7nwRJhN1HWpVmJm511pBHUxPLtp0BUISzlBplORYSmTclCnJvQq2tKu/sgl3xVpkc7ZWuQQ==

picocolors@^1.0.0:
  version "1.0.0"
  resolved "https://registry.yarnpkg.com/picocolors/-/picocolors-1.0.0.tgz#cb5bdc74ff3f51892236eaf79d68bc44564ab81c"
  integrity sha512-1fygroTLlHu66zi26VoTDv8yRgm0Fccecssto+MhsZ0D/DGW2sm8E8AjW7NU5VVTRt5GxbeZ5qBuJr+HyLYkjQ==

sisteransi@^1.0.5:
  version "1.0.5"
  resolved "https://registry.yarnpkg.com/sisteransi/-/sisteransi-1.0.5.tgz#134d681297756437cc05ca01370d3a7a571075ed"
  integrity sha512-bLGGlR1QxBcynn2d5YmDX4MGjlZvy2MRBDRNHLJ8VI6l6+9FUiyTFNJ0IveOSP0bcXgVDPRcfGqA0pjaqUpfVg==
